// !$*UTF8*$!
{
	archiveVersion = 1;
	classes = {
	};
	objectVersion = 46;
	objects = {

/* Begin PBXBuildFile section */
		49798011C612EC987C14A6DE /* Pods_youtube_kadai.framework in Frameworks */ = {isa = PBXBuildFile; fileRef = 4DC3FBA200DE061DCA97B600 /* Pods_youtube_kadai.framework */; };
		865F6FB31F89B38D00C96340 /* AppDelegate.swift in Sources */ = {isa = PBXBuildFile; fileRef = 865F6FB21F89B38D00C96340 /* AppDelegate.swift */; };
		865F6FB51F89B38D00C96340 /* ViewController.swift in Sources */ = {isa = PBXBuildFile; fileRef = 865F6FB41F89B38D00C96340 /* ViewController.swift */; };
		865F6FB81F89B38E00C96340 /* Main.storyboard in Resources */ = {isa = PBXBuildFile; fileRef = 865F6FB61F89B38E00C96340 /* Main.storyboard */; };
		865F6FBA1F89B38E00C96340 /* Assets.xcassets in Resources */ = {isa = PBXBuildFile; fileRef = 865F6FB91F89B38E00C96340 /* Assets.xcassets */; };
		865F6FBD1F89B38E00C96340 /* LaunchScreen.storyboard in Resources */ = {isa = PBXBuildFile; fileRef = 865F6FBB1F89B38E00C96340 /* LaunchScreen.storyboard */; };
		865F6FC81F89B38E00C96340 /* youtube_kadaiTests.swift in Sources */ = {isa = PBXBuildFile; fileRef = 865F6FC71F89B38E00C96340 /* youtube_kadaiTests.swift */; };
		865F6FD31F89B38E00C96340 /* youtube_kadaiUITests.swift in Sources */ = {isa = PBXBuildFile; fileRef = 865F6FD21F89B38E00C96340 /* youtube_kadaiUITests.swift */; };
		865F6FE11F89C2A200C96340 /* homeViewController.swift in Sources */ = {isa = PBXBuildFile; fileRef = 865F6FE01F89C2A200C96340 /* homeViewController.swift */; };
		865F6FE31F89C2BA00C96340 /* settingViewController.swift in Sources */ = {isa = PBXBuildFile; fileRef = 865F6FE21F89C2BA00C96340 /* settingViewController.swift */; };
		86C590C91F8A1CBC009A2AF5 /* InputViewController.swift in Sources */ = {isa = PBXBuildFile; fileRef = 86C590C81F8A1CBC009A2AF5 /* InputViewController.swift */; };
		86C590CB1F8A21E5009A2AF5 /* Task.swift in Sources */ = {isa = PBXBuildFile; fileRef = 86C590CA1F8A21E5009A2AF5 /* Task.swift */; };
/* End PBXBuildFile section */

/* Begin PBXContainerItemProxy section */
		865F6FC41F89B38E00C96340 /* PBXContainerItemProxy */ = {
			isa = PBXContainerItemProxy;
			containerPortal = 865F6FA71F89B38D00C96340 /* Project object */;
			proxyType = 1;
			remoteGlobalIDString = 865F6FAE1F89B38D00C96340;
			remoteInfo = "youtube-kadai";
		};
		865F6FCF1F89B38E00C96340 /* PBXContainerItemProxy */ = {
			isa = PBXContainerItemProxy;
			containerPortal = 865F6FA71F89B38D00C96340 /* Project object */;
			proxyType = 1;
			remoteGlobalIDString = 865F6FAE1F89B38D00C96340;
			remoteInfo = "youtube-kadai";
		};
/* End PBXContainerItemProxy section */

/* Begin PBXFileReference section */
		345C6557B6291411DB757198 /* Pods-youtube-kadai.release.xcconfig */ = {isa = PBXFileReference; includeInIndex = 1; lastKnownFileType = text.xcconfig; name = "Pods-youtube-kadai.release.xcconfig"; path = "Pods/Target Support Files/Pods-youtube-kadai/Pods-youtube-kadai.release.xcconfig"; sourceTree = "<group>"; };
		4DC3FBA200DE061DCA97B600 /* Pods_youtube_kadai.framework */ = {isa = PBXFileReference; explicitFileType = wrapper.framework; includeInIndex = 0; path = Pods_youtube_kadai.framework; sourceTree = BUILT_PRODUCTS_DIR; };
		865F6FAF1F89B38D00C96340 /* youtube-kadai.app */ = {isa = PBXFileReference; explicitFileType = wrapper.application; includeInIndex = 0; path = "youtube-kadai.app"; sourceTree = BUILT_PRODUCTS_DIR; };
		865F6FB21F89B38D00C96340 /* AppDelegate.swift */ = {isa = PBXFileReference; lastKnownFileType = sourcecode.swift; path = AppDelegate.swift; sourceTree = "<group>"; };
		865F6FB41F89B38D00C96340 /* ViewController.swift */ = {isa = PBXFileReference; lastKnownFileType = sourcecode.swift; path = ViewController.swift; sourceTree = "<group>"; };
		865F6FB71F89B38E00C96340 /* Base */ = {isa = PBXFileReference; lastKnownFileType = file.storyboard; name = Base; path = Base.lproj/Main.storyboard; sourceTree = "<group>"; };
		865F6FB91F89B38E00C96340 /* Assets.xcassets */ = {isa = PBXFileReference; lastKnownFileType = folder.assetcatalog; path = Assets.xcassets; sourceTree = "<group>"; };
		865F6FBC1F89B38E00C96340 /* Base */ = {isa = PBXFileReference; lastKnownFileType = file.storyboard; name = Base; path = Base.lproj/LaunchScreen.storyboard; sourceTree = "<group>"; };
		865F6FBE1F89B38E00C96340 /* Info.plist */ = {isa = PBXFileReference; lastKnownFileType = text.plist.xml; path = Info.plist; sourceTree = "<group>"; };
		865F6FC31F89B38E00C96340 /* youtube-kadaiTests.xctest */ = {isa = PBXFileReference; explicitFileType = wrapper.cfbundle; includeInIndex = 0; path = "youtube-kadaiTests.xctest"; sourceTree = BUILT_PRODUCTS_DIR; };
		865F6FC71F89B38E00C96340 /* youtube_kadaiTests.swift */ = {isa = PBXFileReference; lastKnownFileType = sourcecode.swift; path = youtube_kadaiTests.swift; sourceTree = "<group>"; };
		865F6FC91F89B38E00C96340 /* Info.plist */ = {isa = PBXFileReference; lastKnownFileType = text.plist.xml; path = Info.plist; sourceTree = "<group>"; };
		865F6FCE1F89B38E00C96340 /* youtube-kadaiUITests.xctest */ = {isa = PBXFileReference; explicitFileType = wrapper.cfbundle; includeInIndex = 0; path = "youtube-kadaiUITests.xctest"; sourceTree = BUILT_PRODUCTS_DIR; };
		865F6FD21F89B38E00C96340 /* youtube_kadaiUITests.swift */ = {isa = PBXFileReference; lastKnownFileType = sourcecode.swift; path = youtube_kadaiUITests.swift; sourceTree = "<group>"; };
		865F6FD41F89B38E00C96340 /* Info.plist */ = {isa = PBXFileReference; lastKnownFileType = text.plist.xml; path = Info.plist; sourceTree = "<group>"; };
		865F6FE01F89C2A200C96340 /* homeViewController.swift */ = {isa = PBXFileReference; fileEncoding = 4; lastKnownFileType = sourcecode.swift; path = homeViewController.swift; sourceTree = "<group>"; };
		865F6FE21F89C2BA00C96340 /* settingViewController.swift */ = {isa = PBXFileReference; fileEncoding = 4; lastKnownFileType = sourcecode.swift; path = settingViewController.swift; sourceTree = "<group>"; };
		86C590C81F8A1CBC009A2AF5 /* InputViewController.swift */ = {isa = PBXFileReference; fileEncoding = 4; lastKnownFileType = sourcecode.swift; path = InputViewController.swift; sourceTree = "<group>"; };
		86C590CA1F8A21E5009A2AF5 /* Task.swift */ = {isa = PBXFileReference; fileEncoding = 4; lastKnownFileType = sourcecode.swift; path = Task.swift; sourceTree = "<group>"; };
		B7B16E7F583841CD1A8A38E2 /* Pods-youtube-kadai.debug.xcconfig */ = {isa = PBXFileReference; includeInIndex = 1; lastKnownFileType = text.xcconfig; name = "Pods-youtube-kadai.debug.xcconfig"; path = "Pods/Target Support Files/Pods-youtube-kadai/Pods-youtube-kadai.debug.xcconfig"; sourceTree = "<group>"; };
/* End PBXFileReference section */

/* Begin PBXFrameworksBuildPhase section */
		865F6FAC1F89B38D00C96340 /* Frameworks */ = {
			isa = PBXFrameworksBuildPhase;
			buildActionMask = 2147483647;
			files = (
				49798011C612EC987C14A6DE /* Pods_youtube_kadai.framework in Frameworks */,
			);
			runOnlyForDeploymentPostprocessing = 0;
		};
		865F6FC01F89B38E00C96340 /* Frameworks */ = {
			isa = PBXFrameworksBuildPhase;
			buildActionMask = 2147483647;
			files = (
			);
			runOnlyForDeploymentPostprocessing = 0;
		};
		865F6FCB1F89B38E00C96340 /* Frameworks */ = {
			isa = PBXFrameworksBuildPhase;
			buildActionMask = 2147483647;
			files = (
			);
			runOnlyForDeploymentPostprocessing = 0;
		};
/* End PBXFrameworksBuildPhase section */

/* Begin PBXGroup section */
		638BC24A216FAE4CB75213D9 /* Frameworks */ = {
			isa = PBXGroup;
			children = (
				4DC3FBA200DE061DCA97B600 /* Pods_youtube_kadai.framework */,
			);
			name = Frameworks;
			sourceTree = "<group>";
		};
		865F6FA61F89B38D00C96340 = {
			isa = PBXGroup;
			children = (
				865F6FB11F89B38D00C96340 /* youtube-kadai */,
				865F6FC61F89B38E00C96340 /* youtube-kadaiTests */,
				865F6FD11F89B38E00C96340 /* youtube-kadaiUITests */,
				865F6FB01F89B38D00C96340 /* Products */,
				F41F3D8DFAF086601515478C /* Pods */,
				638BC24A216FAE4CB75213D9 /* Frameworks */,
			);
			sourceTree = "<group>";
		};
		865F6FB01F89B38D00C96340 /* Products */ = {
			isa = PBXGroup;
			children = (
				865F6FAF1F89B38D00C96340 /* youtube-kadai.app */,
				865F6FC31F89B38E00C96340 /* youtube-kadaiTests.xctest */,
				865F6FCE1F89B38E00C96340 /* youtube-kadaiUITests.xctest */,
			);
			name = Products;
			sourceTree = "<group>";
		};
		865F6FB11F89B38D00C96340 /* youtube-kadai */ = {
			isa = PBXGroup;
			children = (
				865F6FB21F89B38D00C96340 /* AppDelegate.swift */,
				865F6FB41F89B38D00C96340 /* ViewController.swift */,
				865F6FB61F89B38E00C96340 /* Main.storyboard */,
				86C590C81F8A1CBC009A2AF5 /* InputViewController.swift */,
				865F6FE01F89C2A200C96340 /* homeViewController.swift */,
				86C590CA1F8A21E5009A2AF5 /* Task.swift */,
				865F6FE21F89C2BA00C96340 /* settingViewController.swift */,
				865F6FB91F89B38E00C96340 /* Assets.xcassets */,
				865F6FBB1F89B38E00C96340 /* LaunchScreen.storyboard */,
				865F6FBE1F89B38E00C96340 /* Info.plist */,
			);
			path = "youtube-kadai";
			sourceTree = "<group>";
		};
		865F6FC61F89B38E00C96340 /* youtube-kadaiTests */ = {
			isa = PBXGroup;
			children = (
				865F6FC71F89B38E00C96340 /* youtube_kadaiTests.swift */,
				865F6FC91F89B38E00C96340 /* Info.plist */,
			);
			path = "youtube-kadaiTests";
			sourceTree = "<group>";
		};
		865F6FD11F89B38E00C96340 /* youtube-kadaiUITests */ = {
			isa = PBXGroup;
			children = (
				865F6FD21F89B38E00C96340 /* youtube_kadaiUITests.swift */,
				865F6FD41F89B38E00C96340 /* Info.plist */,
			);
			path = "youtube-kadaiUITests";
			sourceTree = "<group>";
		};
		F41F3D8DFAF086601515478C /* Pods */ = {
			isa = PBXGroup;
			children = (
				B7B16E7F583841CD1A8A38E2 /* Pods-youtube-kadai.debug.xcconfig */,
				345C6557B6291411DB757198 /* Pods-youtube-kadai.release.xcconfig */,
			);
			name = Pods;
			sourceTree = "<group>";
		};
/* End PBXGroup section */

/* Begin PBXNativeTarget section */
		865F6FAE1F89B38D00C96340 /* youtube-kadai */ = {
			isa = PBXNativeTarget;
			buildConfigurationList = 865F6FD71F89B38E00C96340 /* Build configuration list for PBXNativeTarget "youtube-kadai" */;
			buildPhases = (
				CDEA198935671FDF523C8DC9 /* [CP] Check Pods Manifest.lock */,
				865F6FAB1F89B38D00C96340 /* Sources */,
				865F6FAC1F89B38D00C96340 /* Frameworks */,
				865F6FAD1F89B38D00C96340 /* Resources */,
				537F09892A6B51B884602027 /* [CP] Embed Pods Frameworks */,
				FDEAA8E9D57476416D064FDA /* [CP] Copy Pods Resources */,
			);
			buildRules = (
			);
			dependencies = (
			);
			name = "youtube-kadai";
			productName = "youtube-kadai";
			productReference = 865F6FAF1F89B38D00C96340 /* youtube-kadai.app */;
			productType = "com.apple.product-type.application";
		};
		865F6FC21F89B38E00C96340 /* youtube-kadaiTests */ = {
			isa = PBXNativeTarget;
			buildConfigurationList = 865F6FDA1F89B38E00C96340 /* Build configuration list for PBXNativeTarget "youtube-kadaiTests" */;
			buildPhases = (
				865F6FBF1F89B38E00C96340 /* Sources */,
				865F6FC01F89B38E00C96340 /* Frameworks */,
				865F6FC11F89B38E00C96340 /* Resources */,
			);
			buildRules = (
			);
			dependencies = (
				865F6FC51F89B38E00C96340 /* PBXTargetDependency */,
			);
			name = "youtube-kadaiTests";
			productName = "youtube-kadaiTests";
			productReference = 865F6FC31F89B38E00C96340 /* youtube-kadaiTests.xctest */;
			productType = "com.apple.product-type.bundle.unit-test";
		};
		865F6FCD1F89B38E00C96340 /* youtube-kadaiUITests */ = {
			isa = PBXNativeTarget;
			buildConfigurationList = 865F6FDD1F89B38E00C96340 /* Build configuration list for PBXNativeTarget "youtube-kadaiUITests" */;
			buildPhases = (
				865F6FCA1F89B38E00C96340 /* Sources */,
				865F6FCB1F89B38E00C96340 /* Frameworks */,
				865F6FCC1F89B38E00C96340 /* Resources */,
			);
			buildRules = (
			);
			dependencies = (
				865F6FD01F89B38E00C96340 /* PBXTargetDependency */,
			);
			name = "youtube-kadaiUITests";
			productName = "youtube-kadaiUITests";
			productReference = 865F6FCE1F89B38E00C96340 /* youtube-kadaiUITests.xctest */;
			productType = "com.apple.product-type.bundle.ui-testing";
		};
/* End PBXNativeTarget section */

/* Begin PBXProject section */
		865F6FA71F89B38D00C96340 /* Project object */ = {
			isa = PBXProject;
			attributes = {
				LastSwiftUpdateCheck = 0830;
				LastUpgradeCheck = 0830;
				ORGANIZATIONNAME = kazuto.hori;
				TargetAttributes = {
					865F6FAE1F89B38D00C96340 = {
						CreatedOnToolsVersion = 8.3.3;
						ProvisioningStyle = Automatic;
					};
					865F6FC21F89B38E00C96340 = {
						CreatedOnToolsVersion = 8.3.3;
						ProvisioningStyle = Automatic;
						TestTargetID = 865F6FAE1F89B38D00C96340;
					};
					865F6FCD1F89B38E00C96340 = {
						CreatedOnToolsVersion = 8.3.3;
						ProvisioningStyle = Automatic;
						TestTargetID = 865F6FAE1F89B38D00C96340;
					};
				};
			};
			buildConfigurationList = 865F6FAA1F89B38D00C96340 /* Build configuration list for PBXProject "youtube-kadai" */;
			compatibilityVersion = "Xcode 3.2";
			developmentRegion = English;
			hasScannedForEncodings = 0;
			knownRegions = (
				en,
				Base,
			);
			mainGroup = 865F6FA61F89B38D00C96340;
			productRefGroup = 865F6FB01F89B38D00C96340 /* Products */;
			projectDirPath = "";
			projectRoot = "";
			targets = (
				865F6FAE1F89B38D00C96340 /* youtube-kadai */,
				865F6FC21F89B38E00C96340 /* youtube-kadaiTests */,
				865F6FCD1F89B38E00C96340 /* youtube-kadaiUITests */,
			);
		};
/* End PBXProject section */

/* Begin PBXResourcesBuildPhase section */
		865F6FAD1F89B38D00C96340 /* Resources */ = {
			isa = PBXResourcesBuildPhase;
			buildActionMask = 2147483647;
			files = (
				865F6FBD1F89B38E00C96340 /* LaunchScreen.storyboard in Resources */,
				865F6FBA1F89B38E00C96340 /* Assets.xcassets in Resources */,
				865F6FB81F89B38E00C96340 /* Main.storyboard in Resources */,
			);
			runOnlyForDeploymentPostprocessing = 0;
		};
		865F6FC11F89B38E00C96340 /* Resources */ = {
			isa = PBXResourcesBuildPhase;
			buildActionMask = 2147483647;
			files = (
			);
			runOnlyForDeploymentPostprocessing = 0;
		};
		865F6FCC1F89B38E00C96340 /* Resources */ = {
			isa = PBXResourcesBuildPhase;
			buildActionMask = 2147483647;
			files = (
			);
			runOnlyForDeploymentPostprocessing = 0;
		};
/* End PBXResourcesBuildPhase section */

/* Begin PBXShellScriptBuildPhase section */
		537F09892A6B51B884602027 /* [CP] Embed Pods Frameworks */ = {
			isa = PBXShellScriptBuildPhase;
			buildActionMask = 2147483647;
			files = (
			);
			inputPaths = (
			);
			name = "[CP] Embed Pods Frameworks";
			outputPaths = (
			);
			runOnlyForDeploymentPostprocessing = 0;
			shellPath = /bin/sh;
			shellScript = "\"${SRCROOT}/Pods/Target Support Files/Pods-youtube-kadai/Pods-youtube-kadai-frameworks.sh\"\n";
			showEnvVarsInLog = 0;
		};
		CDEA198935671FDF523C8DC9 /* [CP] Check Pods Manifest.lock */ = {
			isa = PBXShellScriptBuildPhase;
			buildActionMask = 2147483647;
			files = (
			);
			inputPaths = (
			);
			name = "[CP] Check Pods Manifest.lock";
			outputPaths = (
			);
			runOnlyForDeploymentPostprocessing = 0;
			shellPath = /bin/sh;
			shellScript = "diff \"${PODS_ROOT}/../Podfile.lock\" \"${PODS_ROOT}/Manifest.lock\" > /dev/null\nif [ $? != 0 ] ; then\n    # print error to STDERR\n    echo \"error: The sandbox is not in sync with the Podfile.lock. Run 'pod install' or update your CocoaPods installation.\" >&2\n    exit 1\nfi\n";
			showEnvVarsInLog = 0;
		};
		FDEAA8E9D57476416D064FDA /* [CP] Copy Pods Resources */ = {
			isa = PBXShellScriptBuildPhase;
			buildActionMask = 2147483647;
			files = (
			);
			inputPaths = (
			);
			name = "[CP] Copy Pods Resources";
			outputPaths = (
			);
			runOnlyForDeploymentPostprocessing = 0;
			shellPath = /bin/sh;
			shellScript = "\"${SRCROOT}/Pods/Target Support Files/Pods-youtube-kadai/Pods-youtube-kadai-resources.sh\"\n";
			showEnvVarsInLog = 0;
		};
/* End PBXShellScriptBuildPhase section */

/* Begin PBXSourcesBuildPhase section */
		865F6FAB1F89B38D00C96340 /* Sources */ = {
			isa = PBXSourcesBuildPhase;
			buildActionMask = 2147483647;
			files = (
				865F6FB51F89B38D00C96340 /* ViewController.swift in Sources */,
				86C590CB1F8A21E5009A2AF5 /* Task.swift in Sources */,
				86C590C91F8A1CBC009A2AF5 /* InputViewController.swift in Sources */,
				865F6FE11F89C2A200C96340 /* homeViewController.swift in Sources */,
				865F6FB31F89B38D00C96340 /* AppDelegate.swift in Sources */,
				865F6FE31F89C2BA00C96340 /* settingViewController.swift in Sources */,
			);
			runOnlyForDeploymentPostprocessing = 0;
		};
		865F6FBF1F89B38E00C96340 /* Sources */ = {
			isa = PBXSourcesBuildPhase;
			buildActionMask = 2147483647;
			files = (
				865F6FC81F89B38E00C96340 /* youtube_kadaiTests.swift in Sources */,
			);
			runOnlyForDeploymentPostprocessing = 0;
		};
		865F6FCA1F89B38E00C96340 /* Sources */ = {
			isa = PBXSourcesBuildPhase;
			buildActionMask = 2147483647;
			files = (
				865F6FD31F89B38E00C96340 /* youtube_kadaiUITests.swift in Sources */,
			);
			runOnlyForDeploymentPostprocessing = 0;
		};
/* End PBXSourcesBuildPhase section */

/* Begin PBXTargetDependency section */
		865F6FC51F89B38E00C96340 /* PBXTargetDependency */ = {
			isa = PBXTargetDependency;
			target = 865F6FAE1F89B38D00C96340 /* youtube-kadai */;
			targetProxy = 865F6FC41F89B38E00C96340 /* PBXContainerItemProxy */;
		};
		865F6FD01F89B38E00C96340 /* PBXTargetDependency */ = {
			isa = PBXTargetDependency;
			target = 865F6FAE1F89B38D00C96340 /* youtube-kadai */;
			targetProxy = 865F6FCF1F89B38E00C96340 /* PBXContainerItemProxy */;
		};
/* End PBXTargetDependency section */

/* Begin PBXVariantGroup section */
		865F6FB61F89B38E00C96340 /* Main.storyboard */ = {
			isa = PBXVariantGroup;
			children = (
				865F6FB71F89B38E00C96340 /* Base */,
			);
			name = Main.storyboard;
			sourceTree = "<group>";
		};
		865F6FBB1F89B38E00C96340 /* LaunchScreen.storyboard */ = {
			isa = PBXVariantGroup;
			children = (
				865F6FBC1F89B38E00C96340 /* Base */,
			);
			name = LaunchScreen.storyboard;
			sourceTree = "<group>";
		};
/* End PBXVariantGroup section */

/* Begin XCBuildConfiguration section */
		865F6FD51F89B38E00C96340 /* Debug */ = {
			isa = XCBuildConfiguration;
			buildSettings = {
				ALWAYS_SEARCH_USER_PATHS = NO;
				CLANG_ANALYZER_NONNULL = YES;
				CLANG_ANALYZER_NUMBER_OBJECT_CONVERSION = YES_AGGRESSIVE;
				CLANG_CXX_LANGUAGE_STANDARD = "gnu++0x";
				CLANG_CXX_LIBRARY = "libc++";
				CLANG_ENABLE_MODULES = YES;
				CLANG_ENABLE_OBJC_ARC = YES;
				CLANG_WARN_BOOL_CONVERSION = YES;
				CLANG_WARN_CONSTANT_CONVERSION = YES;
				CLANG_WARN_DIRECT_OBJC_ISA_USAGE = YES_ERROR;
				CLANG_WARN_DOCUMENTATION_COMMENTS = YES;
				CLANG_WARN_EMPTY_BODY = YES;
				CLANG_WARN_ENUM_CONVERSION = YES;
				CLANG_WARN_INFINITE_RECURSION = YES;
				CLANG_WARN_INT_CONVERSION = YES;
				CLANG_WARN_OBJC_ROOT_CLASS = YES_ERROR;
				CLANG_WARN_SUSPICIOUS_MOVE = YES;
				CLANG_WARN_UNREACHABLE_CODE = YES;
				CLANG_WARN__DUPLICATE_METHOD_MATCH = YES;
				"CODE_SIGN_IDENTITY[sdk=iphoneos*]" = "iPhone Developer";
				COPY_PHASE_STRIP = NO;
				DEBUG_INFORMATION_FORMAT = dwarf;
				ENABLE_STRICT_OBJC_MSGSEND = YES;
				ENABLE_TESTABILITY = YES;
				GCC_C_LANGUAGE_STANDARD = gnu99;
				GCC_DYNAMIC_NO_PIC = NO;
				GCC_NO_COMMON_BLOCKS = YES;
				GCC_OPTIMIZATION_LEVEL = 0;
				GCC_PREPROCESSOR_DEFINITIONS = (
					"DEBUG=1",
					"$(inherited)",
				);
				GCC_WARN_64_TO_32_BIT_CONVERSION = YES;
				GCC_WARN_ABOUT_RETURN_TYPE = YES_ERROR;
				GCC_WARN_UNDECLARED_SELECTOR = YES;
				GCC_WARN_UNINITIALIZED_AUTOS = YES_AGGRESSIVE;
				GCC_WARN_UNUSED_FUNCTION = YES;
				GCC_WARN_UNUSED_VARIABLE = YES;
				IPHONEOS_DEPLOYMENT_TARGET = 10.3;
				MTL_ENABLE_DEBUG_INFO = YES;
				ONLY_ACTIVE_ARCH = YES;
				SDKROOT = iphoneos;
				SWIFT_ACTIVE_COMPILATION_CONDITIONS = DEBUG;
				SWIFT_OPTIMIZATION_LEVEL = "-Onone";
				TARGETED_DEVICE_FAMILY = "1,2";
			};
			name = Debug;
		};
		865F6FD61F89B38E00C96340 /* Release */ = {
			isa = XCBuildConfiguration;
			buildSettings = {
				ALWAYS_SEARCH_USER_PATHS = NO;
				CLANG_ANALYZER_NONNULL = YES;
				CLANG_ANALYZER_NUMBER_OBJECT_CONVERSION = YES_AGGRESSIVE;
				CLANG_CXX_LANGUAGE_STANDARD = "gnu++0x";
				CLANG_CXX_LIBRARY = "libc++";
				CLANG_ENABLE_MODULES = YES;
				CLANG_ENABLE_OBJC_ARC = YES;
				CLANG_WARN_BOOL_CONVERSION = YES;
				CLANG_WARN_CONSTANT_CONVERSION = YES;
				CLANG_WARN_DIRECT_OBJC_ISA_USAGE = YES_ERROR;
				CLANG_WARN_DOCUMENTATION_COMMENTS = YES;
				CLANG_WARN_EMPTY_BODY = YES;
				CLANG_WARN_ENUM_CONVERSION = YES;
				CLANG_WARN_INFINITE_RECURSION = YES;
				CLANG_WARN_INT_CONVERSION = YES;
				CLANG_WARN_OBJC_ROOT_CLASS = YES_ERROR;
				CLANG_WARN_SUSPICIOUS_MOVE = YES;
				CLANG_WARN_UNREACHABLE_CODE = YES;
				CLANG_WARN__DUPLICATE_METHOD_MATCH = YES;
				"CODE_SIGN_IDENTITY[sdk=iphoneos*]" = "iPhone Developer";
				COPY_PHASE_STRIP = NO;
				DEBUG_INFORMATION_FORMAT = "dwarf-with-dsym";
				ENABLE_NS_ASSERTIONS = NO;
				ENABLE_STRICT_OBJC_MSGSEND = YES;
				GCC_C_LANGUAGE_STANDARD = gnu99;
				GCC_NO_COMMON_BLOCKS = YES;
				GCC_WARN_64_TO_32_BIT_CONVERSION = YES;
				GCC_WARN_ABOUT_RETURN_TYPE = YES_ERROR;
				GCC_WARN_UNDECLARED_SELECTOR = YES;
				GCC_WARN_UNINITIALIZED_AUTOS = YES_AGGRESSIVE;
				GCC_WARN_UNUSED_FUNCTION = YES;
				GCC_WARN_UNUSED_VARIABLE = YES;
				IPHONEOS_DEPLOYMENT_TARGET = 10.3;
				MTL_ENABLE_DEBUG_INFO = NO;
				SDKROOT = iphoneos;
				SWIFT_OPTIMIZATION_LEVEL = "-Owholemodule";
				TARGETED_DEVICE_FAMILY = "1,2";
				VALIDATE_PRODUCT = YES;
			};
			name = Release;
		};
		865F6FD81F89B38E00C96340 /* Debug */ = {
			isa = XCBuildConfiguration;
			baseConfigurationReference = B7B16E7F583841CD1A8A38E2 /* Pods-youtube-kadai.debug.xcconfig */;
			buildSettings = {
				ASSETCATALOG_COMPILER_APPICON_NAME = AppIcon;
				INFOPLIST_FILE = "youtube-kadai/Info.plist";
				IPHONEOS_DEPLOYMENT_TARGET = 10.3;
				LD_RUNPATH_SEARCH_PATHS = "$(inherited) @executable_path/Frameworks";
				PRODUCT_BUNDLE_IDENTIFIER = "jp.kazuto-hori.youtube-kadai";
				PRODUCT_NAME = "$(TARGET_NAME)";
				SWIFT_VERSION = 3.0;
				TARGETED_DEVICE_FAMILY = "1,2";
			};
			name = Debug;
		};
		865F6FD91F89B38E00C96340 /* Release */ = {
			isa = XCBuildConfiguration;
			baseConfigurationReference = 345C6557B6291411DB757198 /* Pods-youtube-kadai.release.xcconfig */;
			buildSettings = {
				ASSETCATALOG_COMPILER_APPICON_NAME = AppIcon;
				INFOPLIST_FILE = "youtube-kadai/Info.plist";
				IPHONEOS_DEPLOYMENT_TARGET = 10.3;
				LD_RUNPATH_SEARCH_PATHS = "$(inherited) @executable_path/Frameworks";
				PRODUCT_BUNDLE_IDENTIFIER = "jp.kazuto-hori.youtube-kadai";
				PRODUCT_NAME = "$(TARGET_NAME)";
				SWIFT_VERSION = 3.0;
				TARGETED_DEVICE_FAMILY = "1,2";
			};
			name = Release;
		};
		865F6FDB1F89B38E00C96340 /* Debug */ = {
			isa = XCBuildConfiguration;
			buildSettings = {
				ALWAYS_EMBED_SWIFT_STANDARD_LIBRARIES = YES;
				BUNDLE_LOADER = "$(TEST_HOST)";
				INFOPLIST_FILE = "youtube-kadaiTests/Info.plist";
				LD_RUNPATH_SEARCH_PATHS = "$(inherited) @executable_path/Frameworks @loader_path/Frameworks";
				PRODUCT_BUNDLE_IDENTIFIER = "jp.kazuto-hori.youtube-kadaiTests";
				PRODUCT_NAME = "$(TARGET_NAME)";
				SWIFT_VERSION = 3.0;
				TEST_HOST = "$(BUILT_PRODUCTS_DIR)/youtube-kadai.app/youtube-kadai";
			};
			name = Debug;
		};
		865F6FDC1F89B38E00C96340 /* Release */ = {
			isa = XCBuildConfiguration;
			buildSettings = {
				ALWAYS_EMBED_SWIFT_STANDARD_LIBRARIES = YES;
				BUNDLE_LOADER = "$(TEST_HOST)";
				INFOPLIST_FILE = "youtube-kadaiTests/Info.plist";
				LD_RUNPATH_SEARCH_PATHS = "$(inherited) @executable_path/Frameworks @loader_path/Frameworks";
				PRODUCT_BUNDLE_IDENTIFIER = "jp.kazuto-hori.youtube-kadaiTests";
				PRODUCT_NAME = "$(TARGET_NAME)";
				SWIFT_VERSION = 3.0;
				TEST_HOST = "$(BUILT_PRODUCTS_DIR)/youtube-kadai.app/youtube-kadai";
			};
			name = Release;
		};
		865F6FDE1F89B38E00C96340 /* Debug */ = {
			isa = XCBuildConfiguration;
			buildSettings = {
				ALWAYS_EMBED_SWIFT_STANDARD_LIBRARIES = YES;
				INFOPLIST_FILE = "youtube-kadaiUITests/Info.plist";
				LD_RUNPATH_SEARCH_PATHS = "$(inherited) @executable_path/Frameworks @loader_path/Frameworks";
				PRODUCT_BUNDLE_IDENTIFIER = "jp.kazuto-hori.youtube-kadaiUITests";
				PRODUCT_NAME = "$(TARGET_NAME)";
				SWIFT_VERSION = 3.0;
				TEST_TARGET_NAME = "youtube-kadai";
			};
			name = Debug;
		};
		865F6FDF1F89B38E00C96340 /* Release */ = {
			isa = XCBuildConfiguration;
			buildSettings = {
				ALWAYS_EMBED_SWIFT_STANDARD_LIBRARIES = YES;
				INFOPLIST_FILE = "youtube-kadaiUITests/Info.plist";
				LD_RUNPATH_SEARCH_PATHS = "$(inherited) @executable_path/Frameworks @loader_path/Frameworks";
				PRODUCT_BUNDLE_IDENTIFIER = "jp.kazuto-hori.youtube-kadaiUITests";
				PRODUCT_NAME = "$(TARGET_NAME)";
				SWIFT_VERSION = 3.0;
				TEST_TARGET_NAME = "youtube-kadai";
			};
			name = Release;
		};
/* End XCBuildConfiguration section */

/* Begin XCConfigurationList section */
		865F6FAA1F89B38D00C96340 /* Build configuration list for PBXProject "youtube-kadai" */ = {
			isa = XCConfigurationList;
			buildConfigurations = (
				865F6FD51F89B38E00C96340 /* Debug */,
				865F6FD61F89B38E00C96340 /* Release */,
			);
			defaultConfigurationIsVisible = 0;
			defaultConfigurationName = Release;
		};
		865F6FD71F89B38E00C96340 /* Build configuration list for PBXNativeTarget "youtube-kadai" */ = {
			isa = XCConfigurationList;
			buildConfigurations = (
				865F6FD81F89B38E00C96340 /* Debug */,
				865F6FD91F89B38E00C96340 /* Release */,
			);
			defaultConfigurationIsVisible = 0;
			defaultConfigurationName = Release;
		};
		865F6FDA1F89B38E00C96340 /* Build configuration list for PBXNativeTarget "youtube-kadaiTests" */ = {
			isa = XCConfigurationList;
			buildConfigurations = (
				865F6FDB1F89B38E00C96340 /* Debug */,
				865F6FDC1F89B38E00C96340 /* Release */,
			);
			defaultConfigurationIsVisible = 0;
			defaultConfigurationName = Release;
		};
		865F6FDD1F89B38E00C96340 /* Build configuration list for PBXNativeTarget "youtube-kadaiUITests" */ = {
			isa = XCConfigurationList;
			buildConfigurations = (
				865F6FDE1F89B38E00C96340 /* Debug */,
				865F6FDF1F89B38E00C96340 /* Release */,
			);
			defaultConfigurationIsVisible = 0;
			defaultConfigurationName = Release;
		};
/* End XCConfigurationList section */
	};
	rootObject = 865F6FA71F89B38D00C96340 /* Project object */;
}
